// !$*UTF8*$!
{
	archiveVersion = 1;
	classes = {
	};
	objectVersion = 48;
	objects = {

/* Begin PBXBuildFile section */
		11685A6F738ABAFC799E90C2 /* libPods-My analytics.a in Frameworks */ = {isa = PBXBuildFile; fileRef = CD1D637103D1C5642711E514 /* libPods-My analytics.a */; };
		9A4060E01FBD318500A22D57 /* AppDelegate.m in Sources */ = {isa = PBXBuildFile; fileRef = 9A4060DF1FBD318500A22D57 /* AppDelegate.m */; };
		9A4060E31FBD318500A22D57 /* Home.m in Sources */ = {isa = PBXBuildFile; fileRef = 9A4060E21FBD318500A22D57 /* Home.m */; };
		9A4060E61FBD318500A22D57 /* Main.storyboard in Resources */ = {isa = PBXBuildFile; fileRef = 9A4060E41FBD318500A22D57 /* Main.storyboard */; };
		9A4060E91FBD318600A22D57 /* My_analytics.xcdatamodeld in Sources */ = {isa = PBXBuildFile; fileRef = 9A4060E71FBD318600A22D57 /* My_analytics.xcdatamodeld */; };
		9A4060EB1FBD318600A22D57 /* Assets.xcassets in Resources */ = {isa = PBXBuildFile; fileRef = 9A4060EA1FBD318600A22D57 /* Assets.xcassets */; };
		9A4060EE1FBD318600A22D57 /* LaunchScreen.storyboard in Resources */ = {isa = PBXBuildFile; fileRef = 9A4060EC1FBD318600A22D57 /* LaunchScreen.storyboard */; };
		9A4060F11FBD318600A22D57 /* main.m in Sources */ = {isa = PBXBuildFile; fileRef = 9A4060F01FBD318600A22D57 /* main.m */; };
		9A4060FA1FBD39AB00A22D57 /* GoogleService-Info.plist in Resources */ = {isa = PBXBuildFile; fileRef = 9A4060F91FBD39AA00A22D57 /* GoogleService-Info.plist */; };
		9A4060FC1FBD3CE300A22D57 /* Podfile in Resources */ = {isa = PBXBuildFile; fileRef = 9A4060FB1FBD3CE300A22D57 /* Podfile */; };
/* End PBXBuildFile section */

/* Begin PBXFileReference section */
		71137852E716DAF9BEAB5EA0 /* Pods-My analytics.debug.xcconfig */ = {isa = PBXFileReference; includeInIndex = 1; lastKnownFileType = text.xcconfig; name = "Pods-My analytics.debug.xcconfig"; path = "Pods/Target Support Files/Pods-My analytics/Pods-My analytics.debug.xcconfig"; sourceTree = "<group>"; };
		9A4060DB1FBD318500A22D57 /* My analytics.app */ = {isa = PBXFileReference; explicitFileType = wrapper.application; includeInIndex = 0; path = "My analytics.app"; sourceTree = BUILT_PRODUCTS_DIR; };
		9A4060DE1FBD318500A22D57 /* AppDelegate.h */ = {isa = PBXFileReference; lastKnownFileType = sourcecode.c.h; path = AppDelegate.h; sourceTree = "<group>"; };
		9A4060DF1FBD318500A22D57 /* AppDelegate.m */ = {isa = PBXFileReference; lastKnownFileType = sourcecode.c.objc; path = AppDelegate.m; sourceTree = "<group>"; };
		9A4060E11FBD318500A22D57 /* Home.h */ = {isa = PBXFileReference; lastKnownFileType = sourcecode.c.h; path = Home.h; sourceTree = "<group>"; };
		9A4060E21FBD318500A22D57 /* Home.m */ = {isa = PBXFileReference; lastKnownFileType = sourcecode.c.objc; path = Home.m; sourceTree = "<group>"; };
		9A4060E51FBD318500A22D57 /* Base */ = {isa = PBXFileReference; lastKnownFileType = file.storyboard; name = Base; path = Base.lproj/Main.storyboard; sourceTree = "<group>"; };
		9A4060E81FBD318600A22D57 /* My_analytics.xcdatamodel */ = {isa = PBXFileReference; lastKnownFileType = wrapper.xcdatamodel; path = My_analytics.xcdatamodel; sourceTree = "<group>"; };
		9A4060EA1FBD318600A22D57 /* Assets.xcassets */ = {isa = PBXFileReference; lastKnownFileType = folder.assetcatalog; path = Assets.xcassets; sourceTree = "<group>"; };
		9A4060ED1FBD318600A22D57 /* Base */ = {isa = PBXFileReference; lastKnownFileType = file.storyboard; name = Base; path = Base.lproj/LaunchScreen.storyboard; sourceTree = "<group>"; };
		9A4060EF1FBD318600A22D57 /* Info.plist */ = {isa = PBXFileReference; lastKnownFileType = text.plist.xml; path = Info.plist; sourceTree = "<group>"; };
		9A4060F01FBD318600A22D57 /* main.m */ = {isa = PBXFileReference; lastKnownFileType = sourcecode.c.objc; path = main.m; sourceTree = "<group>"; };
		9A4060F91FBD39AA00A22D57 /* GoogleService-Info.plist */ = {isa = PBXFileReference; fileEncoding = 4; lastKnownFileType = text.plist.xml; path = "GoogleService-Info.plist"; sourceTree = "<group>"; };
		9A4060FB1FBD3CE300A22D57 /* Podfile */ = {isa = PBXFileReference; lastKnownFileType = text; path = Podfile; sourceTree = "<group>"; };
		CD1D637103D1C5642711E514 /* libPods-My analytics.a */ = {isa = PBXFileReference; explicitFileType = archive.ar; includeInIndex = 0; path = "libPods-My analytics.a"; sourceTree = BUILT_PRODUCTS_DIR; };
		E0514F2B62157DD1A0FCAD3E /* Pods-My analytics.release.xcconfig */ = {isa = PBXFileReference; includeInIndex = 1; lastKnownFileType = text.xcconfig; name = "Pods-My analytics.release.xcconfig"; path = "Pods/Target Support Files/Pods-My analytics/Pods-My analytics.release.xcconfig"; sourceTree = "<group>"; };
/* End PBXFileReference section */

/* Begin PBXFrameworksBuildPhase section */
		9A4060D81FBD318500A22D57 /* Frameworks */ = {
			isa = PBXFrameworksBuildPhase;
			buildActionMask = 2147483647;
			files = (
				11685A6F738ABAFC799E90C2 /* libPods-My analytics.a in Frameworks */,
			);
			runOnlyForDeploymentPostprocessing = 0;
		};
/* End PBXFrameworksBuildPhase section */

/* Begin PBXGroup section */
		80EBF77857AF8992C391F330 /* Frameworks */ = {
			isa = PBXGroup;
			children = (
				CD1D637103D1C5642711E514 /* libPods-My analytics.a */,
			);
			name = Frameworks;
			sourceTree = "<group>";
		};
		9A4060D21FBD318400A22D57 = {
			isa = PBXGroup;
			children = (
				9A4060FB1FBD3CE300A22D57 /* Podfile */,
				9A4060DD1FBD318500A22D57 /* My analytics */,
				9A4060DC1FBD318500A22D57 /* Products */,
				AF1FDDDF21A5123535F377A3 /* Pods */,
				80EBF77857AF8992C391F330 /* Frameworks */,
			);
			sourceTree = "<group>";
		};
		9A4060DC1FBD318500A22D57 /* Products */ = {
			isa = PBXGroup;
			children = (
				9A4060DB1FBD318500A22D57 /* My analytics.app */,
			);
			name = Products;
			sourceTree = "<group>";
		};
		9A4060DD1FBD318500A22D57 /* My analytics */ = {
			isa = PBXGroup;
			children = (
				9A4060F81FBD321B00A22D57 /* Main */,
				9A4060F71FBD320B00A22D57 /* Controllers */,
				9A4060E41FBD318500A22D57 /* Main.storyboard */,
				9A4060EA1FBD318600A22D57 /* Assets.xcassets */,
				9A4060EC1FBD318600A22D57 /* LaunchScreen.storyboard */,
				9A4060EF1FBD318600A22D57 /* Info.plist */,
				9A4060F91FBD39AA00A22D57 /* GoogleService-Info.plist */,
				9A4060F01FBD318600A22D57 /* main.m */,
				9A4060E71FBD318600A22D57 /* My_analytics.xcdatamodeld */,
			);
			path = "My analytics";
			sourceTree = "<group>";
		};
		9A4060F71FBD320B00A22D57 /* Controllers */ = {
			isa = PBXGroup;
			children = (
				9A4060E11FBD318500A22D57 /* Home.h */,
				9A4060E21FBD318500A22D57 /* Home.m */,
			);
			path = Controllers;
			sourceTree = "<group>";
		};
		9A4060F81FBD321B00A22D57 /* Main */ = {
			isa = PBXGroup;
			children = (
				9A4060DE1FBD318500A22D57 /* AppDelegate.h */,
				9A4060DF1FBD318500A22D57 /* AppDelegate.m */,
			);
			path = Main;
			sourceTree = "<group>";
		};
		AF1FDDDF21A5123535F377A3 /* Pods */ = {
			isa = PBXGroup;
			children = (
				71137852E716DAF9BEAB5EA0 /* Pods-My analytics.debug.xcconfig */,
				E0514F2B62157DD1A0FCAD3E /* Pods-My analytics.release.xcconfig */,
			);
			name = Pods;
			sourceTree = "<group>";
		};
/* End PBXGroup section */

/* Begin PBXNativeTarget section */
		9A4060DA1FBD318500A22D57 /* My analytics */ = {
			isa = PBXNativeTarget;
			buildConfigurationList = 9A4060F41FBD318600A22D57 /* Build configuration list for PBXNativeTarget "My analytics" */;
			buildPhases = (
				F4626DE56E8D5724F679C43D /* [CP] Check Pods Manifest.lock */,
				9A4060D71FBD318500A22D57 /* Sources */,
				9A4060D81FBD318500A22D57 /* Frameworks */,
				9A4060D91FBD318500A22D57 /* Resources */,
				9D065F75E6B143C52B39C952 /* [CP] Embed Pods Frameworks */,
				A559322A8CC65696F51A8CB2 /* [CP] Copy Pods Resources */,
			);
			buildRules = (
			);
			dependencies = (
			);
			name = "My analytics";
			productName = "My analytics";
			productReference = 9A4060DB1FBD318500A22D57 /* My analytics.app */;
			productType = "com.apple.product-type.application";
		};
/* End PBXNativeTarget section */

/* Begin PBXProject section */
		9A4060D31FBD318400A22D57 /* Project object */ = {
			isa = PBXProject;
			attributes = {
				LastUpgradeCheck = 0910;
				ORGANIZATIONNAME = lybby26;
				TargetAttributes = {
					9A4060DA1FBD318500A22D57 = {
						CreatedOnToolsVersion = 9.1;
						ProvisioningStyle = Automatic;
					};
				};
			};
			buildConfigurationList = 9A4060D61FBD318400A22D57 /* Build configuration list for PBXProject "My analytics" */;
			compatibilityVersion = "Xcode 8.0";
			developmentRegion = en;
			hasScannedForEncodings = 0;
			knownRegions = (
				en,
				Base,
			);
			mainGroup = 9A4060D21FBD318400A22D57;
			productRefGroup = 9A4060DC1FBD318500A22D57 /* Products */;
			projectDirPath = "";
			projectRoot = "";
			targets = (
				9A4060DA1FBD318500A22D57 /* My analytics */,
			);
		};
/* End PBXProject section */

/* Begin PBXResourcesBuildPhase section */
		9A4060D91FBD318500A22D57 /* Resources */ = {
			isa = PBXResourcesBuildPhase;
			buildActionMask = 2147483647;
			files = (
				9A4060FC1FBD3CE300A22D57 /* Podfile in Resources */,
				9A4060EE1FBD318600A22D57 /* LaunchScreen.storyboard in Resources */,
				9A4060FA1FBD39AB00A22D57 /* GoogleService-Info.plist in Resources */,
				9A4060EB1FBD318600A22D57 /* Assets.xcassets in Resources */,
				9A4060E61FBD318500A22D57 /* Main.storyboard in Resources */,
			);
			runOnlyForDeploymentPostprocessing = 0;
		};
/* End PBXResourcesBuildPhase section */

/* Begin PBXShellScriptBuildPhase section */
		9D065F75E6B143C52B39C952 /* [CP] Embed Pods Frameworks */ = {
			isa = PBXShellScriptBuildPhase;
			buildActionMask = 2147483647;
			files = (
			);
			inputPaths = (
			);
			name = "[CP] Embed Pods Frameworks";
			outputPaths = (
			);
			runOnlyForDeploymentPostprocessing = 0;
			shellPath = /bin/sh;
			shellScript = "\"${SRCROOT}/Pods/Target Support Files/Pods-My analytics/Pods-My analytics-frameworks.sh\"\n";
			showEnvVarsInLog = 0;
		};
		A559322A8CC65696F51A8CB2 /* [CP] Copy Pods Resources */ = {
			isa = PBXShellScriptBuildPhase;
			buildActionMask = 2147483647;
			files = (
			);
			inputPaths = (
			);
			name = "[CP] Copy Pods Resources";
			outputPaths = (
			);
			runOnlyForDeploymentPostprocessing = 0;
			shellPath = /bin/sh;
			shellScript = "\"${SRCROOT}/Pods/Target Support Files/Pods-My analytics/Pods-My analytics-resources.sh\"\n";
			showEnvVarsInLog = 0;
		};
		F4626DE56E8D5724F679C43D /* [CP] Check Pods Manifest.lock */ = {
			isa = PBXShellScriptBuildPhase;
			buildActionMask = 2147483647;
			files = (
			);
			inputPaths = (
				"${PODS_PODFILE_DIR_PATH}/Podfile.lock",
				"${PODS_ROOT}/Manifest.lock",
			);
			name = "[CP] Check Pods Manifest.lock";
			outputPaths = (
				"$(DERIVED_FILE_DIR)/Pods-My analytics-checkManifestLockResult.txt",
			);
			runOnlyForDeploymentPostprocessing = 0;
			shellPath = /bin/sh;
			shellScript = "diff \"${PODS_PODFILE_DIR_PATH}/Podfile.lock\" \"${PODS_ROOT}/Manifest.lock\" > /dev/null\nif [ $? != 0 ] ; then\n    # print error to STDERR\n    echo \"error: The sandbox is not in sync with the Podfile.lock. Run 'pod install' or update your CocoaPods installation.\" >&2\n    exit 1\nfi\n# This output is used by Xcode 'outputs' to avoid re-running this script phase.\necho \"SUCCESS\" > \"${SCRIPT_OUTPUT_FILE_0}\"\n";
			showEnvVarsInLog = 0;
		};
/* End PBXShellScriptBuildPhase section */

/* Begin PBXSourcesBuildPhase section */
		9A4060D71FBD318500A22D57 /* Sources */ = {
			isa = PBXSourcesBuildPhase;
			buildActionMask = 2147483647;
			files = (
				9A4060E31FBD318500A22D57 /* Home.m in Sources */,
				9A4060E01FBD318500A22D57 /* AppDelegate.m in Sources */,
				9A4060F11FBD318600A22D57 /* main.m in Sources */,
				9A4060E91FBD318600A22D57 /* My_analytics.xcdatamodeld in Sources */,
			);
			runOnlyForDeploymentPostprocessing = 0;
		};
/* End PBXSourcesBuildPhase section */

/* Begin PBXVariantGroup section */
		9A4060E41FBD318500A22D57 /* Main.storyboard */ = {
			isa = PBXVariantGroup;
			children = (
				9A4060E51FBD318500A22D57 /* Base */,
			);
			name = Main.storyboard;
			sourceTree = "<group>";
		};
		9A4060EC1FBD318600A22D57 /* LaunchScreen.storyboard */ = {
			isa = PBXVariantGroup;
			children = (
				9A4060ED1FBD318600A22D57 /* Base */,
			);
			name = LaunchScreen.storyboard;
			sourceTree = "<group>";
		};
/* End PBXVariantGroup section */

/* Begin XCBuildConfiguration section */
		9A4060F21FBD318600A22D57 /* Debug */ = {
			isa = XCBuildConfiguration;
			buildSettings = {
				ALWAYS_SEARCH_USER_PATHS = NO;
				CLANG_ANALYZER_NONNULL = YES;
				CLANG_ANALYZER_NUMBER_OBJECT_CONVERSION = YES_AGGRESSIVE;
				CLANG_CXX_LANGUAGE_STANDARD = "gnu++14";
				CLANG_CXX_LIBRARY = "libc++";
				CLANG_ENABLE_MODULES = YES;
				CLANG_ENABLE_OBJC_ARC = YES;
				CLANG_WARN_BLOCK_CAPTURE_AUTORELEASING = YES;
				CLANG_WARN_BOOL_CONVERSION = YES;
				CLANG_WARN_COMMA = YES;
				CLANG_WARN_CONSTANT_CONVERSION = YES;
				CLANG_WARN_DIRECT_OBJC_ISA_USAGE = YES_ERROR;
				CLANG_WARN_DOCUMENTATION_COMMENTS = YES;
				CLANG_WARN_EMPTY_BODY = YES;
				CLANG_WARN_ENUM_CONVERSION = YES;
				CLANG_WARN_INFINITE_RECURSION = YES;
				CLANG_WARN_INT_CONVERSION = YES;
				CLANG_WARN_NON_LITERAL_NULL_CONVERSION = YES;
				CLANG_WARN_OBJC_LITERAL_CONVERSION = YES;
				CLANG_WARN_OBJC_ROOT_CLASS = YES_ERROR;
				CLANG_WARN_RANGE_LOOP_ANALYSIS = YES;
				CLANG_WARN_STRICT_PROTOTYPES = YES;
				CLANG_WARN_SUSPICIOUS_MOVE = YES;
				CLANG_WARN_UNGUARDED_AVAILABILITY = YES_AGGRESSIVE;
				CLANG_WARN_UNREACHABLE_CODE = YES;
				CLANG_WARN__DUPLICATE_METHOD_MATCH = YES;
				CODE_SIGN_IDENTITY = "iPhone Developer";
				COPY_PHASE_STRIP = NO;
				DEBUG_INFORMATION_FORMAT = dwarf;
				ENABLE_STRICT_OBJC_MSGSEND = YES;
				ENABLE_TESTABILITY = YES;
				GCC_C_LANGUAGE_STANDARD = gnu11;
				GCC_DYNAMIC_NO_PIC = NO;
				GCC_NO_COMMON_BLOCKS = YES;
				GCC_OPTIMIZATION_LEVEL = 0;
				GCC_PREPROCESSOR_DEFINITIONS = (
					"DEBUG=1",
					"$(inherited)",
				);
				GCC_WARN_64_TO_32_BIT_CONVERSION = YES;
				GCC_WARN_ABOUT_RETURN_TYPE = YES_ERROR;
				GCC_WARN_UNDECLARED_SELECTOR = YES;
				GCC_WARN_UNINITIALIZED_AUTOS = YES_AGGRESSIVE;
				GCC_WARN_UNUSED_FUNCTION = YES;
				GCC_WARN_UNUSED_VARIABLE = YES;
				IPHONEOS_DEPLOYMENT_TARGET = 11.1;
				MTL_ENABLE_DEBUG_INFO = YES;
				ONLY_ACTIVE_ARCH = YES;
				SDKROOT = iphoneos;
			};
			name = Debug;
		};
		9A4060F31FBD318600A22D57 /* Release */ = {
			isa = XCBuildConfiguration;
			buildSettings = {
				ALWAYS_SEARCH_USER_PATHS = NO;
				CLANG_ANALYZER_NONNULL = YES;
				CLANG_ANALYZER_NUMBER_OBJECT_CONVERSION = YES_AGGRESSIVE;
				CLANG_CXX_LANGUAGE_STANDARD = "gnu++14";
				CLANG_CXX_LIBRARY = "libc++";
				CLANG_ENABLE_MODULES = YES;
				CLANG_ENABLE_OBJC_ARC = YES;
				CLANG_WARN_BLOCK_CAPTURE_AUTORELEASING = YES;
				CLANG_WARN_BOOL_CONVERSION = YES;
				CLANG_WARN_COMMA = YES;
				CLANG_WARN_CONSTANT_CONVERSION = YES;
				CLANG_WARN_DIRECT_OBJC_ISA_USAGE = YES_ERROR;
				CLANG_WARN_DOCUMENTATION_COMMENTS = YES;
				CLANG_WARN_EMPTY_BODY = YES;
				CLANG_WARN_ENUM_CONVERSION = YES;
				CLANG_WARN_INFINITE_RECURSION = YES;
				CLANG_WARN_INT_CONVERSION = YES;
				CLANG_WARN_NON_LITERAL_NULL_CONVERSION = YES;
				CLANG_WARN_OBJC_LITERAL_CONVERSION = YES;
				CLANG_WARN_OBJC_ROOT_CLASS = YES_ERROR;
				CLANG_WARN_RANGE_LOOP_ANALYSIS = YES;
				CLANG_WARN_STRICT_PROTOTYPES = YES;
				CLANG_WARN_SUSPICIOUS_MOVE = YES;
				CLANG_WARN_UNGUARDED_AVAILABILITY = YES_AGGRESSIVE;
				CLANG_WARN_UNREACHABLE_CODE = YES;
				CLANG_WARN__DUPLICATE_METHOD_MATCH = YES;
				CODE_SIGN_IDENTITY = "iPhone Developer";
				COPY_PHASE_STRIP = NO;
				DEBUG_INFORMATION_FORMAT = "dwarf-with-dsym";
				ENABLE_NS_ASSERTIONS = NO;
				ENABLE_STRICT_OBJC_MSGSEND = YES;
				GCC_C_LANGUAGE_STANDARD = gnu11;
				GCC_NO_COMMON_BLOCKS = YES;
				GCC_WARN_64_TO_32_BIT_CONVERSION = YES;
				GCC_WARN_ABOUT_RETURN_TYPE = YES_ERROR;
				GCC_WARN_UNDECLARED_SELECTOR = YES;
				GCC_WARN_UNINITIALIZED_AUTOS = YES_AGGRESSIVE;
				GCC_WARN_UNUSED_FUNCTION = YES;
				GCC_WARN_UNUSED_VARIABLE = YES;
				IPHONEOS_DEPLOYMENT_TARGET = 11.1;
				MTL_ENABLE_DEBUG_INFO = NO;
				SDKROOT = iphoneos;
				VALIDATE_PRODUCT = YES;
			};
			name = Release;
		};
		9A4060F51FBD318600A22D57 /* Debug */ = {
			isa = XCBuildConfiguration;
			baseConfigurationReference = 71137852E716DAF9BEAB5EA0 /* Pods-My analytics.debug.xcconfig */;
			buildSettings = {
				ASSETCATALOG_COMPILER_APPICON_NAME = AppIcon;
				CODE_SIGN_STYLE = Automatic;
				INFOPLIST_FILE = "My analytics/Info.plist";
				LD_RUNPATH_SEARCH_PATHS = "$(inherited) @executable_path/Frameworks";
				PRODUCT_BUNDLE_IDENTIFIER = "com.lybby26.My-analytics";
				PRODUCT_NAME = "$(TARGET_NAME)";
				TARGETED_DEVICE_FAMILY = "1,2";
			};
			name = Debug;
		};
		9A4060F61FBD318600A22D57 /* Release */ = {
			isa = XCBuildConfiguration;
			baseConfigurationReference = E0514F2B62157DD1A0FCAD3E /* Pods-My analytics.release.xcconfig */;
			buildSettings = {
				ASSETCATALOG_COMPILER_APPICON_NAME = AppIcon;
				CODE_SIGN_STYLE = Automatic;
				INFOPLIST_FILE = "My analytics/Info.plist";
				LD_RUNPATH_SEARCH_PATHS = "$(inherited) @executable_path/Frameworks";
				PRODUCT_BUNDLE_IDENTIFIER = "com.lybby26.My-analytics";
				PRODUCT_NAME = "$(TARGET_NAME)";
				TARGETED_DEVICE_FAMILY = "1,2";
			};
			name = Release;
		};
/* End XCBuildConfiguration section */

/* Begin XCConfigurationList section */
		9A4060D61FBD318400A22D57 /* Build configuration list for PBXProject "My analytics" */ = {
			isa = XCConfigurationList;
			buildConfigurations = (
				9A4060F21FBD318600A22D57 /* Debug */,
				9A4060F31FBD318600A22D57 /* Release */,
			);
			defaultConfigurationIsVisible = 0;
			defaultConfigurationName = Release;
		};
		9A4060F41FBD318600A22D57 /* Build configuration list for PBXNativeTarget "My analytics" */ = {
			isa = XCConfigurationList;
			buildConfigurations = (
				9A4060F51FBD318600A22D57 /* Debug */,
				9A4060F61FBD318600A22D57 /* Release */,
			);
			defaultConfigurationIsVisible = 0;
			defaultConfigurationName = Release;
		};
/* End XCConfigurationList section */

/* Begin XCVersionGroup section */
		9A4060E71FBD318600A22D57 /* My_analytics.xcdatamodeld */ = {
			isa = XCVersionGroup;
			children = (
				9A4060E81FBD318600A22D57 /* My_analytics.xcdatamodel */,
			);
			currentVersion = 9A4060E81FBD318600A22D57 /* My_analytics.xcdatamodel */;
			path = My_analytics.xcdatamodeld;
			sourceTree = "<group>";
			versionGroupType = wrapper.xcdatamodel;
		};
/* End XCVersionGroup section */
	};
	rootObject = 9A4060D31FBD318400A22D57 /* Project object */;
}
